
Microsoft Visual Studio Solution File, Format Version 12.00
# Visual Studio Version 17
VisualStudioVersion = 17.9.34728.123
MinimumVisualStudioVersion = 10.0.40219.1
Project("{9A19103F-16F7-4668-BE54-9A1E7A4F7556}") = "Server", "Server\Server.csproj", "{AD231C4B-03F8-4805-85D7-5A06B9275A65}"
EndProject
Project("{54A90642-561A-4BB1-A94E-469ADEE60C69}") = "Client", "Client\Client.esproj", "{7AC598DF-C1D7-4F74-8CE2-0C34A37AC5DA}"
EndProject
Project("{2150E333-8FDC-42A3-9474-1A3956D46DE8}") = "Solution Items", "Solution Items", "{1B743655-8B8E-4C44-A1BB-B16E1564C377}"
	ProjectSection(SolutionItems) = preProject
		.gitattributes = .gitattributes
		.gitignore = .gitignore
		LICENSE.txt = LICENSE.txt
		README.md = README.md
	EndProjectSection
EndProject
Global
	GlobalSection(SolutionConfigurationPlatforms) = preSolution
		Debug|Any CPU = Debug|Any CPU
		Release|Any CPU = Release|Any CPU
	EndGlobalSection
	GlobalSection(ProjectConfigurationPlatforms) = postSolution
		{AD231C4B-03F8-4805-85D7-5A06B9275A65}.Debug|Any CPU.ActiveCfg = Debug|Any CPU
		{AD231C4B-03F8-4805-85D7-5A06B9275A65}.Debug|Any CPU.Build.0 = Debug|Any CPU
		{AD231C4B-03F8-4805-85D7-5A06B9275A65}.Release|Any CPU.ActiveCfg = Release|Any CPU
		{AD231C4B-03F8-4805-85D7-5A06B9275A65}.Release|Any CPU.Build.0 = Release|Any CPU
		{7AC598DF-C1D7-4F74-8CE2-0C34A37AC5DA}.Debug|Any CPU.ActiveCfg = Debug|Any CPU
		{7AC598DF-C1D7-4F74-8CE2-0C34A37AC5DA}.Debug|Any CPU.Build.0 = Debug|Any CPU
		{7AC598DF-C1D7-4F74-8CE2-0C34A37AC5DA}.Debug|Any CPU.Deploy.0 = Debug|Any CPU
		{7AC598DF-C1D7-4F74-8CE2-0C34A37AC5DA}.Release|Any CPU.ActiveCfg = Release|Any CPU
		{7AC598DF-C1D7-4F74-8CE2-0C34A37AC5DA}.Release|Any CPU.Build.0 = Release|Any CPU
		{7AC598DF-C1D7-4F74-8CE2-0C34A37AC5DA}.Release|Any CPU.Deploy.0 = Release|Any CPU
	EndGlobalSection
	GlobalSection(SolutionProperties) = preSolution
		HideSolutionNode = FALSE
	EndGlobalSection
	GlobalSection(ExtensibilityGlobals) = postSolution
		SolutionGuid = {3CE0688F-1B0A-40BD-8762-012926D8A2B3}
	EndGlobalSection
EndGlobal
